
Microsoft Visual Studio Solution File, Format Version 12.00
# Visual Studio Version 17
VisualStudioVersion = 17.0.31903.59
MinimumVisualStudioVersion = 10.0.40219.1
Project("{FAE04EC0-301F-11D3-BF4B-00C04F79EFBC}") = "Server", "Server\Server.csproj", "{789EC572-6BB2-4D1D-ACD7-B850BF024747}"
EndProject
Project("{FAE04EC0-301F-11D3-BF4B-00C04F79EFBC}") = "Client", "Client\Client.csproj", "{7B98D1F2-053F-4CC6-92F1-DB4150CDACC9}"
EndProject
Global
	GlobalSection(SolutionConfigurationPlatforms) = preSolution
		Debug|Any CPU = Debug|Any CPU
		Release|Any CPU = Release|Any CPU
	EndGlobalSection
	GlobalSection(SolutionProperties) = preSolution
		HideSolutionNode = FALSE
	EndGlobalSection
	GlobalSection(ProjectConfigurationPlatforms) = postSolution
		{789EC572-6BB2-4D1D-ACD7-B850BF024747}.Debug|Any CPU.ActiveCfg = Debug|Any CPU
		{789EC572-6BB2-4D1D-ACD7-B850BF024747}.Debug|Any CPU.Build.0 = Debug|Any CPU
		{789EC572-6BB2-4D1D-ACD7-B850BF024747}.Release|Any CPU.ActiveCfg = Release|Any CPU
		{789EC572-6BB2-4D1D-ACD7-B850BF024747}.Release|Any CPU.Build.0 = Release|Any CPU
		{7B98D1F2-053F-4CC6-92F1-DB4150CDACC9}.Debug|Any CPU.ActiveCfg = Debug|Any CPU
		{7B98D1F2-053F-4CC6-92F1-DB4150CDACC9}.Debug|Any CPU.Build.0 = Debug|Any CPU
		{7B98D1F2-053F-4CC6-92F1-DB4150CDACC9}.Release|Any CPU.ActiveCfg = Release|Any CPU
		{7B98D1F2-053F-4CC6-92F1-DB4150CDACC9}.Release|Any CPU.Build.0 = Release|Any CPU
	EndGlobalSection
EndGlobal
